
Microsoft Visual Studio Solution File, Format Version 12.00
# Visual Studio 15
VisualStudioVersion = 15.0.27703.2047
MinimumVisualStudioVersion = 10.0.40219.1
Project("{FAE04EC0-301F-11D3-BF4B-00C04F79EFBC}") = "Automated_Customer_Notifications", "Automated_Customer_Notifications\Automated_Customer_Notifications.csproj", "{FC557B41-8430-465A-8A84-B236FDB9ED45}"
EndProject
Global
	GlobalSection(SolutionConfigurationPlatforms) = preSolution
		Debug|Any CPU = Debug|Any CPU
		Release|Any CPU = Release|Any CPU
	EndGlobalSection
	GlobalSection(ProjectConfigurationPlatforms) = postSolution
		{FC557B41-8430-465A-8A84-B236FDB9ED45}.Debug|Any CPU.ActiveCfg = Debug|Any CPU
		{FC557B41-8430-465A-8A84-B236FDB9ED45}.Debug|Any CPU.Build.0 = Debug|Any CPU
		{FC557B41-8430-465A-8A84-B236FDB9ED45}.Release|Any CPU.ActiveCfg = Release|Any CPU
		{FC557B41-8430-465A-8A84-B236FDB9ED45}.Release|Any CPU.Build.0 = Release|Any CPU
	EndGlobalSection
	GlobalSection(SolutionProperties) = preSolution
		HideSolutionNode = FALSE
	EndGlobalSection
	GlobalSection(ExtensibilityGlobals) = postSolution
		SolutionGuid = {4A5C4F2C-D6D2-4957-9669-71F4900ADA70}
	EndGlobalSection
	GlobalSection(TeamFoundationVersionControl) = preSolution
		SccNumberOfProjects = 2
		SccEnterpriseProvider = {4CA58AB2-18FA-4F8D-95D4-32DDF27D184C}
		SccTeamFoundationServer = http://ecommercedb:8080/tfs/defaultcollection
		SccLocalPath0 = .
		SccProjectUniqueName1 = Automated_Customer_Notifications\\Automated_Customer_Notifications.csproj
		SccProjectName1 = Automated_Customer_Notifications
		SccLocalPath1 = Automated_Customer_Notifications
	EndGlobalSection
EndGlobal
